
Microsoft Visual Studio Solution File, Format Version 12.00
# Visual Studio 15
VisualStudioVersion = 15.0.27130.2036
MinimumVisualStudioVersion = 10.0.40219.1
Project("{FAE04EC0-301F-11D3-BF4B-00C04F79EFBC}") = "ListsAndDictionarys", "ListsAndDictionarys\ListsAndDictionarys.csproj", "{1D6A09B5-F8AA-4F32-9885-6DC534859530}"
EndProject
Global
	GlobalSection(SolutionConfigurationPlatforms) = preSolution
		Debug|Any CPU = Debug|Any CPU
		Release|Any CPU = Release|Any CPU
	EndGlobalSection
	GlobalSection(ProjectConfigurationPlatforms) = postSolution
		{1D6A09B5-F8AA-4F32-9885-6DC534859530}.Debug|Any CPU.ActiveCfg = Debug|Any CPU
		{1D6A09B5-F8AA-4F32-9885-6DC534859530}.Debug|Any CPU.Build.0 = Debug|Any CPU
		{1D6A09B5-F8AA-4F32-9885-6DC534859530}.Release|Any CPU.ActiveCfg = Release|Any CPU
		{1D6A09B5-F8AA-4F32-9885-6DC534859530}.Release|Any CPU.Build.0 = Release|Any CPU
	EndGlobalSection
	GlobalSection(SolutionProperties) = preSolution
		HideSolutionNode = FALSE
	EndGlobalSection
	GlobalSection(ExtensibilityGlobals) = postSolution
		SolutionGuid = {677FD676-2B02-4DD6-A6AC-FF3FC769903D}
	EndGlobalSection
EndGlobal
