
Microsoft Visual Studio Solution File, Format Version 12.00
# Visual Studio 15
VisualStudioVersion = 15.0.27428.2037
MinimumVisualStudioVersion = 10.0.40219.1
Project("{FAE04EC0-301F-11D3-BF4B-00C04F79EFBC}") = "DrawingHat", "DrawingHat\DrawingHat.csproj", "{C43CB8DA-DE78-4F59-A0B7-9ACE1EDD50F5}"
EndProject
Global
	GlobalSection(SolutionConfigurationPlatforms) = preSolution
		Debug|Any CPU = Debug|Any CPU
		Release|Any CPU = Release|Any CPU
	EndGlobalSection
	GlobalSection(ProjectConfigurationPlatforms) = postSolution
		{C43CB8DA-DE78-4F59-A0B7-9ACE1EDD50F5}.Debug|Any CPU.ActiveCfg = Debug|Any CPU
		{C43CB8DA-DE78-4F59-A0B7-9ACE1EDD50F5}.Debug|Any CPU.Build.0 = Debug|Any CPU
		{C43CB8DA-DE78-4F59-A0B7-9ACE1EDD50F5}.Release|Any CPU.ActiveCfg = Release|Any CPU
		{C43CB8DA-DE78-4F59-A0B7-9ACE1EDD50F5}.Release|Any CPU.Build.0 = Release|Any CPU
	EndGlobalSection
	GlobalSection(SolutionProperties) = preSolution
		HideSolutionNode = FALSE
	EndGlobalSection
	GlobalSection(ExtensibilityGlobals) = postSolution
		SolutionGuid = {0B79F7AB-EDE9-41F0-AC87-06131F9B18F8}
	EndGlobalSection
EndGlobal
