
Microsoft Visual Studio Solution File, Format Version 12.00
# Visual Studio 15
VisualStudioVersion = 15.0.27428.2037
MinimumVisualStudioVersion = 10.0.40219.1
Project("{FAE04EC0-301F-11D3-BF4B-00C04F79EFBC}") = "LerooooooyJeeeeeeenkins", "LerooooooyJeeeeeeenkins\LerooooooyJeeeeeeenkins.csproj", "{D8A79FA1-413C-4756-9A7B-38A332FBC36A}"
EndProject
Global
	GlobalSection(SolutionConfigurationPlatforms) = preSolution
		Debug|Any CPU = Debug|Any CPU
		Release|Any CPU = Release|Any CPU
	EndGlobalSection
	GlobalSection(ProjectConfigurationPlatforms) = postSolution
		{D8A79FA1-413C-4756-9A7B-38A332FBC36A}.Debug|Any CPU.ActiveCfg = Debug|Any CPU
		{D8A79FA1-413C-4756-9A7B-38A332FBC36A}.Debug|Any CPU.Build.0 = Debug|Any CPU
		{D8A79FA1-413C-4756-9A7B-38A332FBC36A}.Release|Any CPU.ActiveCfg = Release|Any CPU
		{D8A79FA1-413C-4756-9A7B-38A332FBC36A}.Release|Any CPU.Build.0 = Release|Any CPU
	EndGlobalSection
	GlobalSection(SolutionProperties) = preSolution
		HideSolutionNode = FALSE
	EndGlobalSection
	GlobalSection(ExtensibilityGlobals) = postSolution
		SolutionGuid = {4A6EC2FF-CFA7-41E0-BAE7-498E1FC7602C}
	EndGlobalSection
EndGlobal
