
Microsoft Visual Studio Solution File, Format Version 12.00
# Visual Studio 15
VisualStudioVersion = 15.0.27130.2036
MinimumVisualStudioVersion = 10.0.40219.1
Project("{FAE04EC0-301F-11D3-BF4B-00C04F79EFBC}") = "DependencyInjection", "DependencyInjection\DependencyInjection.csproj", "{E87C5A88-99E9-48B7-9F2A-898FDDB64B3E}"
EndProject
Global
	GlobalSection(SolutionConfigurationPlatforms) = preSolution
		Debug|Any CPU = Debug|Any CPU
		Release|Any CPU = Release|Any CPU
	EndGlobalSection
	GlobalSection(ProjectConfigurationPlatforms) = postSolution
		{E87C5A88-99E9-48B7-9F2A-898FDDB64B3E}.Debug|Any CPU.ActiveCfg = Debug|Any CPU
		{E87C5A88-99E9-48B7-9F2A-898FDDB64B3E}.Debug|Any CPU.Build.0 = Debug|Any CPU
		{E87C5A88-99E9-48B7-9F2A-898FDDB64B3E}.Release|Any CPU.ActiveCfg = Release|Any CPU
		{E87C5A88-99E9-48B7-9F2A-898FDDB64B3E}.Release|Any CPU.Build.0 = Release|Any CPU
	EndGlobalSection
	GlobalSection(SolutionProperties) = preSolution
		HideSolutionNode = FALSE
	EndGlobalSection
	GlobalSection(ExtensibilityGlobals) = postSolution
		SolutionGuid = {4C2706AA-C514-49C9-A416-1D094F720006}
	EndGlobalSection
EndGlobal
