
Microsoft Visual Studio Solution File, Format Version 12.00
# Visual Studio 15
VisualStudioVersion = 15.0.27130.2036
MinimumVisualStudioVersion = 10.0.40219.1
Project("{FAE04EC0-301F-11D3-BF4B-00C04F79EFBC}") = "IntroToSQL", "IntroToSQL\IntroToSQL.csproj", "{842F63C9-5F33-4F67-89AB-034C3075FA02}"
EndProject
Global
	GlobalSection(SolutionConfigurationPlatforms) = preSolution
		Debug|Any CPU = Debug|Any CPU
		Release|Any CPU = Release|Any CPU
	EndGlobalSection
	GlobalSection(ProjectConfigurationPlatforms) = postSolution
		{842F63C9-5F33-4F67-89AB-034C3075FA02}.Debug|Any CPU.ActiveCfg = Debug|Any CPU
		{842F63C9-5F33-4F67-89AB-034C3075FA02}.Debug|Any CPU.Build.0 = Debug|Any CPU
		{842F63C9-5F33-4F67-89AB-034C3075FA02}.Release|Any CPU.ActiveCfg = Release|Any CPU
		{842F63C9-5F33-4F67-89AB-034C3075FA02}.Release|Any CPU.Build.0 = Release|Any CPU
	EndGlobalSection
	GlobalSection(SolutionProperties) = preSolution
		HideSolutionNode = FALSE
	EndGlobalSection
	GlobalSection(ExtensibilityGlobals) = postSolution
		SolutionGuid = {0401A7B3-4D9B-4BF4-8930-D01979DAAF9C}
	EndGlobalSection
EndGlobal
