
Microsoft Visual Studio Solution File, Format Version 12.00
# Visual Studio 15
VisualStudioVersion = 15.0.27130.2036
MinimumVisualStudioVersion = 10.0.40219.1
Project("{FAE04EC0-301F-11D3-BF4B-00C04F79EFBC}") = "IntroToEFJoins", "IntroToEFJoins\IntroToEFJoins.csproj", "{D2F1B58E-E0DE-4C78-9677-07F96C532FF4}"
EndProject
Global
	GlobalSection(SolutionConfigurationPlatforms) = preSolution
		Debug|Any CPU = Debug|Any CPU
		Release|Any CPU = Release|Any CPU
	EndGlobalSection
	GlobalSection(ProjectConfigurationPlatforms) = postSolution
		{D2F1B58E-E0DE-4C78-9677-07F96C532FF4}.Debug|Any CPU.ActiveCfg = Debug|Any CPU
		{D2F1B58E-E0DE-4C78-9677-07F96C532FF4}.Debug|Any CPU.Build.0 = Debug|Any CPU
		{D2F1B58E-E0DE-4C78-9677-07F96C532FF4}.Release|Any CPU.ActiveCfg = Release|Any CPU
		{D2F1B58E-E0DE-4C78-9677-07F96C532FF4}.Release|Any CPU.Build.0 = Release|Any CPU
	EndGlobalSection
	GlobalSection(SolutionProperties) = preSolution
		HideSolutionNode = FALSE
	EndGlobalSection
	GlobalSection(ExtensibilityGlobals) = postSolution
		SolutionGuid = {78D0C096-1CF9-44E1-A2E6-DAE615D376D7}
	EndGlobalSection
EndGlobal
